// !$*UTF8*$!
{
	archiveVersion = 1;
	classes = {
	};
	objectVersion = 51;
	objects = {

/* Begin PBXBuildFile section */
		2FC22E43D66FA4EB4BB27B43 /* Pods_flix_flixUITests.framework in Frameworks */ = {isa = PBXBuildFile; fileRef = 15DE9750806698FB01A00D33 /* Pods_flix_flixUITests.framework */; };
		6E269062FF3B5597A98EDE71 /* Pods_flix.framework in Frameworks */ = {isa = PBXBuildFile; fileRef = AA8DBB33A1B28FE0268364A2 /* Pods_flix.framework */; };
		DF57670A7DFA35FD1F3A864E /* Pods_flixTests.framework in Frameworks */ = {isa = PBXBuildFile; fileRef = C0765ADA1BD20E56770E6C22 /* Pods_flixTests.framework */; };
		E429C54A24A5013100478ABF /* DetailsViewController.m in Sources */ = {isa = PBXBuildFile; fileRef = E429C54924A5013100478ABF /* DetailsViewController.m */; };
		E471B0E624A3D84200A8A95D /* AppDelegate.m in Sources */ = {isa = PBXBuildFile; fileRef = E471B0E524A3D84200A8A95D /* AppDelegate.m */; };
		E471B0E924A3D84200A8A95D /* SceneDelegate.m in Sources */ = {isa = PBXBuildFile; fileRef = E471B0E824A3D84200A8A95D /* SceneDelegate.m */; };
		E471B0EF24A3D84200A8A95D /* Main.storyboard in Resources */ = {isa = PBXBuildFile; fileRef = E471B0ED24A3D84200A8A95D /* Main.storyboard */; };
		E471B0F124A3D84200A8A95D /* Assets.xcassets in Resources */ = {isa = PBXBuildFile; fileRef = E471B0F024A3D84200A8A95D /* Assets.xcassets */; };
		E471B0F424A3D84200A8A95D /* LaunchScreen.storyboard in Resources */ = {isa = PBXBuildFile; fileRef = E471B0F224A3D84200A8A95D /* LaunchScreen.storyboard */; };
		E471B0F724A3D84200A8A95D /* main.m in Sources */ = {isa = PBXBuildFile; fileRef = E471B0F624A3D84200A8A95D /* main.m */; };
		E471B10124A3D84300A8A95D /* flixTests.m in Sources */ = {isa = PBXBuildFile; fileRef = E471B10024A3D84300A8A95D /* flixTests.m */; };
		E471B10C24A3D84300A8A95D /* flixUITests.m in Sources */ = {isa = PBXBuildFile; fileRef = E471B10B24A3D84300A8A95D /* flixUITests.m */; };
		E4B9E99A24A3F4EB00BBE509 /* MoviesViewController.m in Sources */ = {isa = PBXBuildFile; fileRef = E4B9E99924A3F4EB00BBE509 /* MoviesViewController.m */; };
		E4F6F5CA24A4292900C0576D /* MovieCell.m in Sources */ = {isa = PBXBuildFile; fileRef = E4F6F5C924A4292900C0576D /* MovieCell.m */; };
/* End PBXBuildFile section */

/* Begin PBXContainerItemProxy section */
		E471B0FD24A3D84300A8A95D /* PBXContainerItemProxy */ = {
			isa = PBXContainerItemProxy;
			containerPortal = E471B0D924A3D84100A8A95D /* Project object */;
			proxyType = 1;
			remoteGlobalIDString = E471B0E024A3D84200A8A95D;
			remoteInfo = flix;
		};
		E471B10824A3D84300A8A95D /* PBXContainerItemProxy */ = {
			isa = PBXContainerItemProxy;
			containerPortal = E471B0D924A3D84100A8A95D /* Project object */;
			proxyType = 1;
			remoteGlobalIDString = E471B0E024A3D84200A8A95D;
			remoteInfo = flix;
		};
/* End PBXContainerItemProxy section */

/* Begin PBXFileReference section */
		15DE9750806698FB01A00D33 /* Pods_flix_flixUITests.framework */ = {isa = PBXFileReference; explicitFileType = wrapper.framework; includeInIndex = 0; path = Pods_flix_flixUITests.framework; sourceTree = BUILT_PRODUCTS_DIR; };
		2B946A121A424D4065701699 /* Pods-flixTests.debug.xcconfig */ = {isa = PBXFileReference; includeInIndex = 1; lastKnownFileType = text.xcconfig; name = "Pods-flixTests.debug.xcconfig"; path = "Target Support Files/Pods-flixTests/Pods-flixTests.debug.xcconfig"; sourceTree = "<group>"; };
		42076BF32C7911B539C8E358 /* Pods-flix-flixUITests.release.xcconfig */ = {isa = PBXFileReference; includeInIndex = 1; lastKnownFileType = text.xcconfig; name = "Pods-flix-flixUITests.release.xcconfig"; path = "Target Support Files/Pods-flix-flixUITests/Pods-flix-flixUITests.release.xcconfig"; sourceTree = "<group>"; };
		4489D274DABE71D9EBAB0106 /* Pods-flix.debug.xcconfig */ = {isa = PBXFileReference; includeInIndex = 1; lastKnownFileType = text.xcconfig; name = "Pods-flix.debug.xcconfig"; path = "Target Support Files/Pods-flix/Pods-flix.debug.xcconfig"; sourceTree = "<group>"; };
		86A45A3CC1A264F24CA4ECFF /* Pods-flixTests.release.xcconfig */ = {isa = PBXFileReference; includeInIndex = 1; lastKnownFileType = text.xcconfig; name = "Pods-flixTests.release.xcconfig"; path = "Target Support Files/Pods-flixTests/Pods-flixTests.release.xcconfig"; sourceTree = "<group>"; };
		AA8DBB33A1B28FE0268364A2 /* Pods_flix.framework */ = {isa = PBXFileReference; explicitFileType = wrapper.framework; includeInIndex = 0; path = Pods_flix.framework; sourceTree = BUILT_PRODUCTS_DIR; };
		B444AC56CE8536AD6320EF07 /* Pods-flix-flixUITests.debug.xcconfig */ = {isa = PBXFileReference; includeInIndex = 1; lastKnownFileType = text.xcconfig; name = "Pods-flix-flixUITests.debug.xcconfig"; path = "Target Support Files/Pods-flix-flixUITests/Pods-flix-flixUITests.debug.xcconfig"; sourceTree = "<group>"; };
		C0765ADA1BD20E56770E6C22 /* Pods_flixTests.framework */ = {isa = PBXFileReference; explicitFileType = wrapper.framework; includeInIndex = 0; path = Pods_flixTests.framework; sourceTree = BUILT_PRODUCTS_DIR; };
		C7E2E2987F2C47F1A2C77E00 /* Pods-flix.release.xcconfig */ = {isa = PBXFileReference; includeInIndex = 1; lastKnownFileType = text.xcconfig; name = "Pods-flix.release.xcconfig"; path = "Target Support Files/Pods-flix/Pods-flix.release.xcconfig"; sourceTree = "<group>"; };
		E429C54824A5013100478ABF /* DetailsViewController.h */ = {isa = PBXFileReference; lastKnownFileType = sourcecode.c.h; path = DetailsViewController.h; sourceTree = "<group>"; };
		E429C54924A5013100478ABF /* DetailsViewController.m */ = {isa = PBXFileReference; lastKnownFileType = sourcecode.c.objc; path = DetailsViewController.m; sourceTree = "<group>"; };
		E471B0E124A3D84200A8A95D /* flix.app */ = {isa = PBXFileReference; explicitFileType = wrapper.application; includeInIndex = 0; path = flix.app; sourceTree = BUILT_PRODUCTS_DIR; };
		E471B0E424A3D84200A8A95D /* AppDelegate.h */ = {isa = PBXFileReference; lastKnownFileType = sourcecode.c.h; path = AppDelegate.h; sourceTree = "<group>"; };
		E471B0E524A3D84200A8A95D /* AppDelegate.m */ = {isa = PBXFileReference; lastKnownFileType = sourcecode.c.objc; path = AppDelegate.m; sourceTree = "<group>"; };
		E471B0E724A3D84200A8A95D /* SceneDelegate.h */ = {isa = PBXFileReference; lastKnownFileType = sourcecode.c.h; path = SceneDelegate.h; sourceTree = "<group>"; };
		E471B0E824A3D84200A8A95D /* SceneDelegate.m */ = {isa = PBXFileReference; lastKnownFileType = sourcecode.c.objc; path = SceneDelegate.m; sourceTree = "<group>"; };
		E471B0EE24A3D84200A8A95D /* Base */ = {isa = PBXFileReference; lastKnownFileType = file.storyboard; name = Base; path = Base.lproj/Main.storyboard; sourceTree = "<group>"; };
		E471B0F024A3D84200A8A95D /* Assets.xcassets */ = {isa = PBXFileReference; lastKnownFileType = folder.assetcatalog; path = Assets.xcassets; sourceTree = "<group>"; };
		E471B0F324A3D84200A8A95D /* Base */ = {isa = PBXFileReference; lastKnownFileType = file.storyboard; name = Base; path = Base.lproj/LaunchScreen.storyboard; sourceTree = "<group>"; };
		E471B0F524A3D84200A8A95D /* Info.plist */ = {isa = PBXFileReference; lastKnownFileType = text.plist.xml; path = Info.plist; sourceTree = "<group>"; };
		E471B0F624A3D84200A8A95D /* main.m */ = {isa = PBXFileReference; lastKnownFileType = sourcecode.c.objc; path = main.m; sourceTree = "<group>"; };
		E471B0FC24A3D84300A8A95D /* flixTests.xctest */ = {isa = PBXFileReference; explicitFileType = wrapper.cfbundle; includeInIndex = 0; path = flixTests.xctest; sourceTree = BUILT_PRODUCTS_DIR; };
		E471B10024A3D84300A8A95D /* flixTests.m */ = {isa = PBXFileReference; lastKnownFileType = sourcecode.c.objc; path = flixTests.m; sourceTree = "<group>"; };
		E471B10224A3D84300A8A95D /* Info.plist */ = {isa = PBXFileReference; lastKnownFileType = text.plist.xml; path = Info.plist; sourceTree = "<group>"; };
		E471B10724A3D84300A8A95D /* flixUITests.xctest */ = {isa = PBXFileReference; explicitFileType = wrapper.cfbundle; includeInIndex = 0; path = flixUITests.xctest; sourceTree = BUILT_PRODUCTS_DIR; };
		E471B10B24A3D84300A8A95D /* flixUITests.m */ = {isa = PBXFileReference; lastKnownFileType = sourcecode.c.objc; path = flixUITests.m; sourceTree = "<group>"; };
		E471B10D24A3D84300A8A95D /* Info.plist */ = {isa = PBXFileReference; lastKnownFileType = text.plist.xml; path = Info.plist; sourceTree = "<group>"; };
		E4B9E99824A3F4EB00BBE509 /* MoviesViewController.h */ = {isa = PBXFileReference; lastKnownFileType = sourcecode.c.h; path = MoviesViewController.h; sourceTree = "<group>"; };
		E4B9E99924A3F4EB00BBE509 /* MoviesViewController.m */ = {isa = PBXFileReference; lastKnownFileType = sourcecode.c.objc; path = MoviesViewController.m; sourceTree = "<group>"; };
		E4F6F5C824A4292900C0576D /* MovieCell.h */ = {isa = PBXFileReference; lastKnownFileType = sourcecode.c.h; path = MovieCell.h; sourceTree = "<group>"; };
		E4F6F5C924A4292900C0576D /* MovieCell.m */ = {isa = PBXFileReference; lastKnownFileType = sourcecode.c.objc; path = MovieCell.m; sourceTree = "<group>"; };
/* End PBXFileReference section */

/* Begin PBXFrameworksBuildPhase section */
		E471B0DE24A3D84200A8A95D /* Frameworks */ = {
			isa = PBXFrameworksBuildPhase;
			buildActionMask = 2147483647;
			files = (
				6E269062FF3B5597A98EDE71 /* Pods_flix.framework in Frameworks */,
			);
			runOnlyForDeploymentPostprocessing = 0;
		};
		E471B0F924A3D84300A8A95D /* Frameworks */ = {
			isa = PBXFrameworksBuildPhase;
			buildActionMask = 2147483647;
			files = (
				DF57670A7DFA35FD1F3A864E /* Pods_flixTests.framework in Frameworks */,
			);
			runOnlyForDeploymentPostprocessing = 0;
		};
		E471B10424A3D84300A8A95D /* Frameworks */ = {
			isa = PBXFrameworksBuildPhase;
			buildActionMask = 2147483647;
			files = (
				2FC22E43D66FA4EB4BB27B43 /* Pods_flix_flixUITests.framework in Frameworks */,
			);
			runOnlyForDeploymentPostprocessing = 0;
		};
/* End PBXFrameworksBuildPhase section */

/* Begin PBXGroup section */
		68BCDFFFD7C19C51FC12E5B9 /* Frameworks */ = {
			isa = PBXGroup;
			children = (
				AA8DBB33A1B28FE0268364A2 /* Pods_flix.framework */,
				15DE9750806698FB01A00D33 /* Pods_flix_flixUITests.framework */,
				C0765ADA1BD20E56770E6C22 /* Pods_flixTests.framework */,
			);
			name = Frameworks;
			sourceTree = "<group>";
		};
		BDC8ADC9A36A14D15EEB5E97 /* Pods */ = {
			isa = PBXGroup;
			children = (
				4489D274DABE71D9EBAB0106 /* Pods-flix.debug.xcconfig */,
				C7E2E2987F2C47F1A2C77E00 /* Pods-flix.release.xcconfig */,
				B444AC56CE8536AD6320EF07 /* Pods-flix-flixUITests.debug.xcconfig */,
				42076BF32C7911B539C8E358 /* Pods-flix-flixUITests.release.xcconfig */,
				2B946A121A424D4065701699 /* Pods-flixTests.debug.xcconfig */,
				86A45A3CC1A264F24CA4ECFF /* Pods-flixTests.release.xcconfig */,
			);
			path = Pods;
			sourceTree = "<group>";
		};
		E471B0D824A3D84100A8A95D = {
			isa = PBXGroup;
			children = (
				E471B0E324A3D84200A8A95D /* flix */,
				E471B0FF24A3D84300A8A95D /* flixTests */,
				E471B10A24A3D84300A8A95D /* flixUITests */,
				E471B0E224A3D84200A8A95D /* Products */,
				BDC8ADC9A36A14D15EEB5E97 /* Pods */,
				68BCDFFFD7C19C51FC12E5B9 /* Frameworks */,
			);
			sourceTree = "<group>";
		};
		E471B0E224A3D84200A8A95D /* Products */ = {
			isa = PBXGroup;
			children = (
				E471B0E124A3D84200A8A95D /* flix.app */,
				E471B0FC24A3D84300A8A95D /* flixTests.xctest */,
				E471B10724A3D84300A8A95D /* flixUITests.xctest */,
			);
			name = Products;
			sourceTree = "<group>";
		};
		E471B0E324A3D84200A8A95D /* flix */ = {
			isa = PBXGroup;
			children = (
				E4B9E99D24A3FC8500BBE509 /* Models */,
				E4B9E99C24A3FC6B00BBE509 /* Views */,
				E4B9E99B24A3FC6100BBE509 /* View Controller */,
				E471B0E424A3D84200A8A95D /* AppDelegate.h */,
				E471B0E524A3D84200A8A95D /* AppDelegate.m */,
				E471B0E724A3D84200A8A95D /* SceneDelegate.h */,
				E471B0E824A3D84200A8A95D /* SceneDelegate.m */,
				E471B0ED24A3D84200A8A95D /* Main.storyboard */,
				E471B0F024A3D84200A8A95D /* Assets.xcassets */,
				E471B0F224A3D84200A8A95D /* LaunchScreen.storyboard */,
				E471B0F524A3D84200A8A95D /* Info.plist */,
				E471B0F624A3D84200A8A95D /* main.m */,
			);
			path = flix;
			sourceTree = "<group>";
		};
		E471B0FF24A3D84300A8A95D /* flixTests */ = {
			isa = PBXGroup;
			children = (
				E471B10024A3D84300A8A95D /* flixTests.m */,
				E471B10224A3D84300A8A95D /* Info.plist */,
			);
			path = flixTests;
			sourceTree = "<group>";
		};
		E471B10A24A3D84300A8A95D /* flixUITests */ = {
			isa = PBXGroup;
			children = (
				E471B10B24A3D84300A8A95D /* flixUITests.m */,
				E471B10D24A3D84300A8A95D /* Info.plist */,
			);
			path = flixUITests;
			sourceTree = "<group>";
		};
		E4B9E99B24A3FC6100BBE509 /* View Controller */ = {
			isa = PBXGroup;
			children = (
				E4B9E99824A3F4EB00BBE509 /* MoviesViewController.h */,
				E4B9E99924A3F4EB00BBE509 /* MoviesViewController.m */,
				E429C54824A5013100478ABF /* DetailsViewController.h */,
				E429C54924A5013100478ABF /* DetailsViewController.m */,
			);
			path = "View Controller";
			sourceTree = "<group>";
		};
		E4B9E99C24A3FC6B00BBE509 /* Views */ = {
			isa = PBXGroup;
			children = (
				E4F6F5C824A4292900C0576D /* MovieCell.h */,
				E4F6F5C924A4292900C0576D /* MovieCell.m */,
			);
			path = Views;
			sourceTree = "<group>";
		};
		E4B9E99D24A3FC8500BBE509 /* Models */ = {
			isa = PBXGroup;
			children = (
			);
			path = Models;
			sourceTree = "<group>";
		};
/* End PBXGroup section */

/* Begin PBXNativeTarget section */
		E471B0E024A3D84200A8A95D /* flix */ = {
			isa = PBXNativeTarget;
			buildConfigurationList = E471B11024A3D84300A8A95D /* Build configuration list for PBXNativeTarget "flix" */;
			buildPhases = (
				C93D28F346F4C5259009C551 /* [CP] Check Pods Manifest.lock */,
				E471B0DD24A3D84200A8A95D /* Sources */,
				E471B0DE24A3D84200A8A95D /* Frameworks */,
				E471B0DF24A3D84200A8A95D /* Resources */,
				860A3EA9B170F7CC7F96F3EA /* [CP] Embed Pods Frameworks */,
			);
			buildRules = (
			);
			dependencies = (
			);
			name = flix;
			productName = flix;
			productReference = E471B0E124A3D84200A8A95D /* flix.app */;
			productType = "com.apple.product-type.application";
		};
		E471B0FB24A3D84300A8A95D /* flixTests */ = {
			isa = PBXNativeTarget;
			buildConfigurationList = E471B11324A3D84300A8A95D /* Build configuration list for PBXNativeTarget "flixTests" */;
			buildPhases = (
				5EBCC4417AFEC1B6095C5411 /* [CP] Check Pods Manifest.lock */,
				E471B0F824A3D84300A8A95D /* Sources */,
				E471B0F924A3D84300A8A95D /* Frameworks */,
				E471B0FA24A3D84300A8A95D /* Resources */,
			);
			buildRules = (
			);
			dependencies = (
				E471B0FE24A3D84300A8A95D /* PBXTargetDependency */,
			);
			name = flixTests;
			productName = flixTests;
			productReference = E471B0FC24A3D84300A8A95D /* flixTests.xctest */;
			productType = "com.apple.product-type.bundle.unit-test";
		};
		E471B10624A3D84300A8A95D /* flixUITests */ = {
			isa = PBXNativeTarget;
			buildConfigurationList = E471B11624A3D84300A8A95D /* Build configuration list for PBXNativeTarget "flixUITests" */;
			buildPhases = (
				1FAACB68EEB56911BE8BCCBD /* [CP] Check Pods Manifest.lock */,
				E471B10324A3D84300A8A95D /* Sources */,
				E471B10424A3D84300A8A95D /* Frameworks */,
				E471B10524A3D84300A8A95D /* Resources */,
				C2C7C010265A311D1462458E /* [CP] Embed Pods Frameworks */,
			);
			buildRules = (
			);
			dependencies = (
				E471B10924A3D84300A8A95D /* PBXTargetDependency */,
			);
			name = flixUITests;
			productName = flixUITests;
			productReference = E471B10724A3D84300A8A95D /* flixUITests.xctest */;
			productType = "com.apple.product-type.bundle.ui-testing";
		};
/* End PBXNativeTarget section */

/* Begin PBXProject section */
		E471B0D924A3D84100A8A95D /* Project object */ = {
			isa = PBXProject;
			attributes = {
				LastUpgradeCheck = 1150;
				ORGANIZATIONNAME = "Facebook University";
				TargetAttributes = {
					E471B0E024A3D84200A8A95D = {
						CreatedOnToolsVersion = 11.5;
					};
					E471B0FB24A3D84300A8A95D = {
						CreatedOnToolsVersion = 11.5;
						TestTargetID = E471B0E024A3D84200A8A95D;
					};
					E471B10624A3D84300A8A95D = {
						CreatedOnToolsVersion = 11.5;
						TestTargetID = E471B0E024A3D84200A8A95D;
					};
				};
			};
			buildConfigurationList = E471B0DC24A3D84100A8A95D /* Build configuration list for PBXProject "flix" */;
			compatibilityVersion = "Xcode 9.3";
			developmentRegion = en;
			hasScannedForEncodings = 0;
			knownRegions = (
				en,
				Base,
			);
			mainGroup = E471B0D824A3D84100A8A95D;
			productRefGroup = E471B0E224A3D84200A8A95D /* Products */;
			projectDirPath = "";
			projectRoot = "";
			targets = (
				E471B0E024A3D84200A8A95D /* flix */,
				E471B0FB24A3D84300A8A95D /* flixTests */,
				E471B10624A3D84300A8A95D /* flixUITests */,
			);
		};
/* End PBXProject section */

/* Begin PBXResourcesBuildPhase section */
		E471B0DF24A3D84200A8A95D /* Resources */ = {
			isa = PBXResourcesBuildPhase;
			buildActionMask = 2147483647;
			files = (
				E471B0F424A3D84200A8A95D /* LaunchScreen.storyboard in Resources */,
				E471B0F124A3D84200A8A95D /* Assets.xcassets in Resources */,
				E471B0EF24A3D84200A8A95D /* Main.storyboard in Resources */,
			);
			runOnlyForDeploymentPostprocessing = 0;
		};
		E471B0FA24A3D84300A8A95D /* Resources */ = {
			isa = PBXResourcesBuildPhase;
			buildActionMask = 2147483647;
			files = (
			);
			runOnlyForDeploymentPostprocessing = 0;
		};
		E471B10524A3D84300A8A95D /* Resources */ = {
			isa = PBXResourcesBuildPhase;
			buildActionMask = 2147483647;
			files = (
			);
			runOnlyForDeploymentPostprocessing = 0;
		};
/* End PBXResourcesBuildPhase section */

/* Begin PBXShellScriptBuildPhase section */
		1FAACB68EEB56911BE8BCCBD /* [CP] Check Pods Manifest.lock */ = {
			isa = PBXShellScriptBuildPhase;
			buildActionMask = 2147483647;
			files = (
			);
			inputFileListPaths = (
			);
			inputPaths = (
				"${PODS_PODFILE_DIR_PATH}/Podfile.lock",
				"${PODS_ROOT}/Manifest.lock",
			);
			name = "[CP] Check Pods Manifest.lock";
			outputFileListPaths = (
			);
			outputPaths = (
				"$(DERIVED_FILE_DIR)/Pods-flix-flixUITests-checkManifestLockResult.txt",
			);
			runOnlyForDeploymentPostprocessing = 0;
			shellPath = /bin/sh;
			shellScript = "diff \"${PODS_PODFILE_DIR_PATH}/Podfile.lock\" \"${PODS_ROOT}/Manifest.lock\" > /dev/null\nif [ $? != 0 ] ; then\n    # print error to STDERR\n    echo \"error: The sandbox is not in sync with the Podfile.lock. Run 'pod install' or update your CocoaPods installation.\" >&2\n    exit 1\nfi\n# This output is used by Xcode 'outputs' to avoid re-running this script phase.\necho \"SUCCESS\" > \"${SCRIPT_OUTPUT_FILE_0}\"\n";
			showEnvVarsInLog = 0;
		};
		5EBCC4417AFEC1B6095C5411 /* [CP] Check Pods Manifest.lock */ = {
			isa = PBXShellScriptBuildPhase;
			buildActionMask = 2147483647;
			files = (
			);
			inputFileListPaths = (
			);
			inputPaths = (
				"${PODS_PODFILE_DIR_PATH}/Podfile.lock",
				"${PODS_ROOT}/Manifest.lock",
			);
			name = "[CP] Check Pods Manifest.lock";
			outputFileListPaths = (
			);
			outputPaths = (
				"$(DERIVED_FILE_DIR)/Pods-flixTests-checkManifestLockResult.txt",
			);
			runOnlyForDeploymentPostprocessing = 0;
			shellPath = /bin/sh;
			shellScript = "diff \"${PODS_PODFILE_DIR_PATH}/Podfile.lock\" \"${PODS_ROOT}/Manifest.lock\" > /dev/null\nif [ $? != 0 ] ; then\n    # print error to STDERR\n    echo \"error: The sandbox is not in sync with the Podfile.lock. Run 'pod install' or update your CocoaPods installation.\" >&2\n    exit 1\nfi\n# This output is used by Xcode 'outputs' to avoid re-running this script phase.\necho \"SUCCESS\" > \"${SCRIPT_OUTPUT_FILE_0}\"\n";
			showEnvVarsInLog = 0;
		};
		860A3EA9B170F7CC7F96F3EA /* [CP] Embed Pods Frameworks */ = {
			isa = PBXShellScriptBuildPhase;
			buildActionMask = 2147483647;
			files = (
			);
			inputFileListPaths = (
				"${PODS_ROOT}/Target Support Files/Pods-flix/Pods-flix-frameworks-${CONFIGURATION}-input-files.xcfilelist",
			);
			name = "[CP] Embed Pods Frameworks";
			outputFileListPaths = (
				"${PODS_ROOT}/Target Support Files/Pods-flix/Pods-flix-frameworks-${CONFIGURATION}-output-files.xcfilelist",
			);
			runOnlyForDeploymentPostprocessing = 0;
			shellPath = /bin/sh;
			shellScript = "\"${PODS_ROOT}/Target Support Files/Pods-flix/Pods-flix-frameworks.sh\"\n";
			showEnvVarsInLog = 0;
		};
		C2C7C010265A311D1462458E /* [CP] Embed Pods Frameworks */ = {
			isa = PBXShellScriptBuildPhase;
			buildActionMask = 2147483647;
			files = (
			);
			inputFileListPaths = (
				"${PODS_ROOT}/Target Support Files/Pods-flix-flixUITests/Pods-flix-flixUITests-frameworks-${CONFIGURATION}-input-files.xcfilelist",
			);
			name = "[CP] Embed Pods Frameworks";
			outputFileListPaths = (
				"${PODS_ROOT}/Target Support Files/Pods-flix-flixUITests/Pods-flix-flixUITests-frameworks-${CONFIGURATION}-output-files.xcfilelist",
			);
			runOnlyForDeploymentPostprocessing = 0;
			shellPath = /bin/sh;
			shellScript = "\"${PODS_ROOT}/Target Support Files/Pods-flix-flixUITests/Pods-flix-flixUITests-frameworks.sh\"\n";
			showEnvVarsInLog = 0;
		};
		C93D28F346F4C5259009C551 /* [CP] Check Pods Manifest.lock */ = {
			isa = PBXShellScriptBuildPhase;
			buildActionMask = 2147483647;
			files = (
			);
			inputFileListPaths = (
			);
			inputPaths = (
				"${PODS_PODFILE_DIR_PATH}/Podfile.lock",
				"${PODS_ROOT}/Manifest.lock",
			);
			name = "[CP] Check Pods Manifest.lock";
			outputFileListPaths = (
			);
			outputPaths = (
				"$(DERIVED_FILE_DIR)/Pods-flix-checkManifestLockResult.txt",
			);
			runOnlyForDeploymentPostprocessing = 0;
			shellPath = /bin/sh;
			shellScript = "diff \"${PODS_PODFILE_DIR_PATH}/Podfile.lock\" \"${PODS_ROOT}/Manifest.lock\" > /dev/null\nif [ $? != 0 ] ; then\n    # print error to STDERR\n    echo \"error: The sandbox is not in sync with the Podfile.lock. Run 'pod install' or update your CocoaPods installation.\" >&2\n    exit 1\nfi\n# This output is used by Xcode 'outputs' to avoid re-running this script phase.\necho \"SUCCESS\" > \"${SCRIPT_OUTPUT_FILE_0}\"\n";
			showEnvVarsInLog = 0;
		};
/* End PBXShellScriptBuildPhase section */

/* Begin PBXSourcesBuildPhase section */
		E471B0DD24A3D84200A8A95D /* Sources */ = {
			isa = PBXSourcesBuildPhase;
			buildActionMask = 2147483647;
			files = (
				E471B0E624A3D84200A8A95D /* AppDelegate.m in Sources */,
				E4F6F5CA24A4292900C0576D /* MovieCell.m in Sources */,
				E4B9E99A24A3F4EB00BBE509 /* MoviesViewController.m in Sources */,
				E429C54A24A5013100478ABF /* DetailsViewController.m in Sources */,
				E471B0F724A3D84200A8A95D /* main.m in Sources */,
				E471B0E924A3D84200A8A95D /* SceneDelegate.m in Sources */,
			);
			runOnlyForDeploymentPostprocessing = 0;
		};
		E471B0F824A3D84300A8A95D /* Sources */ = {
			isa = PBXSourcesBuildPhase;
			buildActionMask = 2147483647;
			files = (
				E471B10124A3D84300A8A95D /* flixTests.m in Sources */,
			);
			runOnlyForDeploymentPostprocessing = 0;
		};
		E471B10324A3D84300A8A95D /* Sources */ = {
			isa = PBXSourcesBuildPhase;
			buildActionMask = 2147483647;
			files = (
				E471B10C24A3D84300A8A95D /* flixUITests.m in Sources */,
			);
			runOnlyForDeploymentPostprocessing = 0;
		};
/* End PBXSourcesBuildPhase section */

/* Begin PBXTargetDependency section */
		E471B0FE24A3D84300A8A95D /* PBXTargetDependency */ = {
			isa = PBXTargetDependency;
			target = E471B0E024A3D84200A8A95D /* flix */;
			targetProxy = E471B0FD24A3D84300A8A95D /* PBXContainerItemProxy */;
		};
		E471B10924A3D84300A8A95D /* PBXTargetDependency */ = {
			isa = PBXTargetDependency;
			target = E471B0E024A3D84200A8A95D /* flix */;
			targetProxy = E471B10824A3D84300A8A95D /* PBXContainerItemProxy */;
		};
/* End PBXTargetDependency section */

/* Begin PBXVariantGroup section */
		E471B0ED24A3D84200A8A95D /* Main.storyboard */ = {
			isa = PBXVariantGroup;
			children = (
				E471B0EE24A3D84200A8A95D /* Base */,
			);
			name = Main.storyboard;
			sourceTree = "<group>";
		};
		E471B0F224A3D84200A8A95D /* LaunchScreen.storyboard */ = {
			isa = PBXVariantGroup;
			children = (
				E471B0F324A3D84200A8A95D /* Base */,
			);
			name = LaunchScreen.storyboard;
			sourceTree = "<group>";
		};
/* End PBXVariantGroup section */

/* Begin XCBuildConfiguration section */
		E471B10E24A3D84300A8A95D /* Debug */ = {
			isa = XCBuildConfiguration;
			buildSettings = {
				ALWAYS_SEARCH_USER_PATHS = NO;
				CLANG_ANALYZER_NONNULL = YES;
				CLANG_ANALYZER_NUMBER_OBJECT_CONVERSION = YES_AGGRESSIVE;
				CLANG_CXX_LANGUAGE_STANDARD = "gnu++14";
				CLANG_CXX_LIBRARY = "libc++";
				CLANG_ENABLE_MODULES = YES;
				CLANG_ENABLE_OBJC_ARC = YES;
				CLANG_ENABLE_OBJC_WEAK = YES;
				CLANG_WARN_BLOCK_CAPTURE_AUTORELEASING = YES;
				CLANG_WARN_BOOL_CONVERSION = YES;
				CLANG_WARN_COMMA = YES;
				CLANG_WARN_CONSTANT_CONVERSION = YES;
				CLANG_WARN_DEPRECATED_OBJC_IMPLEMENTATIONS = YES;
				CLANG_WARN_DIRECT_OBJC_ISA_USAGE = YES_ERROR;
				CLANG_WARN_DOCUMENTATION_COMMENTS = YES;
				CLANG_WARN_EMPTY_BODY = YES;
				CLANG_WARN_ENUM_CONVERSION = YES;
				CLANG_WARN_INFINITE_RECURSION = YES;
				CLANG_WARN_INT_CONVERSION = YES;
				CLANG_WARN_NON_LITERAL_NULL_CONVERSION = YES;
				CLANG_WARN_OBJC_IMPLICIT_RETAIN_SELF = YES;
				CLANG_WARN_OBJC_LITERAL_CONVERSION = YES;
				CLANG_WARN_OBJC_ROOT_CLASS = YES_ERROR;
				CLANG_WARN_RANGE_LOOP_ANALYSIS = YES;
				CLANG_WARN_STRICT_PROTOTYPES = YES;
				CLANG_WARN_SUSPICIOUS_MOVE = YES;
				CLANG_WARN_UNGUARDED_AVAILABILITY = YES_AGGRESSIVE;
				CLANG_WARN_UNREACHABLE_CODE = YES;
				CLANG_WARN__DUPLICATE_METHOD_MATCH = YES;
				COPY_PHASE_STRIP = NO;
				DEBUG_INFORMATION_FORMAT = dwarf;
				ENABLE_STRICT_OBJC_MSGSEND = YES;
				ENABLE_TESTABILITY = YES;
				GCC_C_LANGUAGE_STANDARD = gnu11;
				GCC_DYNAMIC_NO_PIC = NO;
				GCC_NO_COMMON_BLOCKS = YES;
				GCC_OPTIMIZATION_LEVEL = 0;
				GCC_PREPROCESSOR_DEFINITIONS = (
					"DEBUG=1",
					"$(inherited)",
				);
				GCC_WARN_64_TO_32_BIT_CONVERSION = YES;
				GCC_WARN_ABOUT_RETURN_TYPE = YES_ERROR;
				GCC_WARN_UNDECLARED_SELECTOR = YES;
				GCC_WARN_UNINITIALIZED_AUTOS = YES_AGGRESSIVE;
				GCC_WARN_UNUSED_FUNCTION = YES;
				GCC_WARN_UNUSED_VARIABLE = YES;
				IPHONEOS_DEPLOYMENT_TARGET = 13.5;
				MTL_ENABLE_DEBUG_INFO = INCLUDE_SOURCE;
				MTL_FAST_MATH = YES;
				ONLY_ACTIVE_ARCH = YES;
				SDKROOT = iphoneos;
			};
			name = Debug;
		};
		E471B10F24A3D84300A8A95D /* Release */ = {
			isa = XCBuildConfiguration;
			buildSettings = {
				ALWAYS_SEARCH_USER_PATHS = NO;
				CLANG_ANALYZER_NONNULL = YES;
				CLANG_ANALYZER_NUMBER_OBJECT_CONVERSION = YES_AGGRESSIVE;
				CLANG_CXX_LANGUAGE_STANDARD = "gnu++14";
				CLANG_CXX_LIBRARY = "libc++";
				CLANG_ENABLE_MODULES = YES;
				CLANG_ENABLE_OBJC_ARC = YES;
				CLANG_ENABLE_OBJC_WEAK = YES;
				CLANG_WARN_BLOCK_CAPTURE_AUTORELEASING = YES;
				CLANG_WARN_BOOL_CONVERSION = YES;
				CLANG_WARN_COMMA = YES;
				CLANG_WARN_CONSTANT_CONVERSION = YES;
				CLANG_WARN_DEPRECATED_OBJC_IMPLEMENTATIONS = YES;
				CLANG_WARN_DIRECT_OBJC_ISA_USAGE = YES_ERROR;
				CLANG_WARN_DOCUMENTATION_COMMENTS = YES;
				CLANG_WARN_EMPTY_BODY = YES;
				CLANG_WARN_ENUM_CONVERSION = YES;
				CLANG_WARN_INFINITE_RECURSION = YES;
				CLANG_WARN_INT_CONVERSION = YES;
				CLANG_WARN_NON_LITERAL_NULL_CONVERSION = YES;
				CLANG_WARN_OBJC_IMPLICIT_RETAIN_SELF = YES;
				CLANG_WARN_OBJC_LITERAL_CONVERSION = YES;
				CLANG_WARN_OBJC_ROOT_CLASS = YES_ERROR;
				CLANG_WARN_RANGE_LOOP_ANALYSIS = YES;
				CLANG_WARN_STRICT_PROTOTYPES = YES;
				CLANG_WARN_SUSPICIOUS_MOVE = YES;
				CLANG_WARN_UNGUARDED_AVAILABILITY = YES_AGGRESSIVE;
				CLANG_WARN_UNREACHABLE_CODE = YES;
				CLANG_WARN__DUPLICATE_METHOD_MATCH = YES;
				COPY_PHASE_STRIP = NO;
				DEBUG_INFORMATION_FORMAT = "dwarf-with-dsym";
				ENABLE_NS_ASSERTIONS = NO;
				ENABLE_STRICT_OBJC_MSGSEND = YES;
				GCC_C_LANGUAGE_STANDARD = gnu11;
				GCC_NO_COMMON_BLOCKS = YES;
				GCC_WARN_64_TO_32_BIT_CONVERSION = YES;
				GCC_WARN_ABOUT_RETURN_TYPE = YES_ERROR;
				GCC_WARN_UNDECLARED_SELECTOR = YES;
				GCC_WARN_UNINITIALIZED_AUTOS = YES_AGGRESSIVE;
				GCC_WARN_UNUSED_FUNCTION = YES;
				GCC_WARN_UNUSED_VARIABLE = YES;
				IPHONEOS_DEPLOYMENT_TARGET = 13.5;
				MTL_ENABLE_DEBUG_INFO = NO;
				MTL_FAST_MATH = YES;
				SDKROOT = iphoneos;
				VALIDATE_PRODUCT = YES;
			};
			name = Release;
		};
		E471B11124A3D84300A8A95D /* Debug */ = {
			isa = XCBuildConfiguration;
			baseConfigurationReference = 4489D274DABE71D9EBAB0106 /* Pods-flix.debug.xcconfig */;
			buildSettings = {
				ASSETCATALOG_COMPILER_APPICON_NAME = AppIcon;
				CODE_SIGN_STYLE = Automatic;
				DEVELOPMENT_TEAM = XW8LHVY5HH;
				INFOPLIST_FILE = flix/Info.plist;
				LD_RUNPATH_SEARCH_PATHS = (
					"$(inherited)",
					"@executable_path/Frameworks",
				);
				PRODUCT_BUNDLE_IDENTIFIER = com.adisaolalekan.flix;
				PRODUCT_NAME = "$(TARGET_NAME)";
				TARGETED_DEVICE_FAMILY = "1,2";
			};
			name = Debug;
		};
		E471B11224A3D84300A8A95D /* Release */ = {
			isa = XCBuildConfiguration;
			baseConfigurationReference = C7E2E2987F2C47F1A2C77E00 /* Pods-flix.release.xcconfig */;
			buildSettings = {
				ASSETCATALOG_COMPILER_APPICON_NAME = AppIcon;
				CODE_SIGN_STYLE = Automatic;
				DEVELOPMENT_TEAM = XW8LHVY5HH;
				INFOPLIST_FILE = flix/Info.plist;
				LD_RUNPATH_SEARCH_PATHS = (
					"$(inherited)",
					"@executable_path/Frameworks",
				);
				PRODUCT_BUNDLE_IDENTIFIER = com.adisaolalekan.flix;
				PRODUCT_NAME = "$(TARGET_NAME)";
				TARGETED_DEVICE_FAMILY = "1,2";
			};
			name = Release;
		};
		E471B11424A3D84300A8A95D /* Debug */ = {
			isa = XCBuildConfiguration;
			baseConfigurationReference = 2B946A121A424D4065701699 /* Pods-flixTests.debug.xcconfig */;
			buildSettings = {
				BUNDLE_LOADER = "$(TEST_HOST)";
				CODE_SIGN_STYLE = Automatic;
				DEVELOPMENT_TEAM = XW8LHVY5HH;
				INFOPLIST_FILE = flixTests/Info.plist;
				IPHONEOS_DEPLOYMENT_TARGET = 13.5;
				LD_RUNPATH_SEARCH_PATHS = (
					"$(inherited)",
					"@executable_path/Frameworks",
					"@loader_path/Frameworks",
				);
				PRODUCT_BUNDLE_IDENTIFIER = com.adisaolalekan.flixTests;
				PRODUCT_NAME = "$(TARGET_NAME)";
				TARGETED_DEVICE_FAMILY = "1,2";
				TEST_HOST = "$(BUILT_PRODUCTS_DIR)/flix.app/flix";
			};
			name = Debug;
		};
		E471B11524A3D84300A8A95D /* Release */ = {
			isa = XCBuildConfiguration;
			baseConfigurationReference = 86A45A3CC1A264F24CA4ECFF /* Pods-flixTests.release.xcconfig */;
			buildSettings = {
				BUNDLE_LOADER = "$(TEST_HOST)";
				CODE_SIGN_STYLE = Automatic;
				DEVELOPMENT_TEAM = XW8LHVY5HH;
				INFOPLIST_FILE = flixTests/Info.plist;
				IPHONEOS_DEPLOYMENT_TARGET = 13.5;
				LD_RUNPATH_SEARCH_PATHS = (
					"$(inherited)",
					"@executable_path/Frameworks",
					"@loader_path/Frameworks",
				);
				PRODUCT_BUNDLE_IDENTIFIER = com.adisaolalekan.flixTests;
				PRODUCT_NAME = "$(TARGET_NAME)";
				TARGETED_DEVICE_FAMILY = "1,2";
				TEST_HOST = "$(BUILT_PRODUCTS_DIR)/flix.app/flix";
			};
			name = Release;
		};
		E471B11724A3D84300A8A95D /* Debug */ = {
			isa = XCBuildConfiguration;
			baseConfigurationReference = B444AC56CE8536AD6320EF07 /* Pods-flix-flixUITests.debug.xcconfig */;
			buildSettings = {
				CODE_SIGN_STYLE = Automatic;
				DEVELOPMENT_TEAM = XW8LHVY5HH;
				INFOPLIST_FILE = flixUITests/Info.plist;
				LD_RUNPATH_SEARCH_PATHS = (
					"$(inherited)",
					"@executable_path/Frameworks",
					"@loader_path/Frameworks",
				);
				PRODUCT_BUNDLE_IDENTIFIER = com.adisaolalekan.flixUITests;
				PRODUCT_NAME = "$(TARGET_NAME)";
				TARGETED_DEVICE_FAMILY = "1,2";
				TEST_TARGET_NAME = flix;
			};
			name = Debug;
		};
		E471B11824A3D84300A8A95D /* Release */ = {
			isa = XCBuildConfiguration;
			baseConfigurationReference = 42076BF32C7911B539C8E358 /* Pods-flix-flixUITests.release.xcconfig */;
			buildSettings = {
				CODE_SIGN_STYLE = Automatic;
				DEVELOPMENT_TEAM = XW8LHVY5HH;
				INFOPLIST_FILE = flixUITests/Info.plist;
				LD_RUNPATH_SEARCH_PATHS = (
					"$(inherited)",
					"@executable_path/Frameworks",
					"@loader_path/Frameworks",
				);
				PRODUCT_BUNDLE_IDENTIFIER = com.adisaolalekan.flixUITests;
				PRODUCT_NAME = "$(TARGET_NAME)";
				TARGETED_DEVICE_FAMILY = "1,2";
				TEST_TARGET_NAME = flix;
			};
			name = Release;
		};
/* End XCBuildConfiguration section */

/* Begin XCConfigurationList section */
		E471B0DC24A3D84100A8A95D /* Build configuration list for PBXProject "flix" */ = {
			isa = XCConfigurationList;
			buildConfigurations = (
				E471B10E24A3D84300A8A95D /* Debug */,
				E471B10F24A3D84300A8A95D /* Release */,
			);
			defaultConfigurationIsVisible = 0;
			defaultConfigurationName = Release;
		};
		E471B11024A3D84300A8A95D /* Build configuration list for PBXNativeTarget "flix" */ = {
			isa = XCConfigurationList;
			buildConfigurations = (
				E471B11124A3D84300A8A95D /* Debug */,
				E471B11224A3D84300A8A95D /* Release */,
			);
			defaultConfigurationIsVisible = 0;
			defaultConfigurationName = Release;
		};
		E471B11324A3D84300A8A95D /* Build configuration list for PBXNativeTarget "flixTests" */ = {
			isa = XCConfigurationList;
			buildConfigurations = (
				E471B11424A3D84300A8A95D /* Debug */,
				E471B11524A3D84300A8A95D /* Release */,
			);
			defaultConfigurationIsVisible = 0;
			defaultConfigurationName = Release;
		};
		E471B11624A3D84300A8A95D /* Build configuration list for PBXNativeTarget "flixUITests" */ = {
			isa = XCConfigurationList;
			buildConfigurations = (
				E471B11724A3D84300A8A95D /* Debug */,
				E471B11824A3D84300A8A95D /* Release */,
			);
			defaultConfigurationIsVisible = 0;
			defaultConfigurationName = Release;
		};
/* End XCConfigurationList section */
	};
	rootObject = E471B0D924A3D84100A8A95D /* Project object */;
}
